
Microsoft Visual Studio Solution File, Format Version 12.00
# Visual Studio Version 17
VisualStudioVersion = 17.4.33403.182
MinimumVisualStudioVersion = 10.0.40219.1
Project("{FAE04EC0-301F-11D3-BF4B-00C04F79EFBC}") = "Laba7_Transport", "Laba7_Transport\Laba7_Transport.csproj", "{A31CAF89-E3E0-405D-8271-D5319793207F}"
EndProject
Global
	GlobalSection(SolutionConfigurationPlatforms) = preSolution
		Debug|Any CPU = Debug|Any CPU
		Release|Any CPU = Release|Any CPU
	EndGlobalSection
	GlobalSection(ProjectConfigurationPlatforms) = postSolution
		{A31CAF89-E3E0-405D-8271-D5319793207F}.Debug|Any CPU.ActiveCfg = Debug|Any CPU
		{A31CAF89-E3E0-405D-8271-D5319793207F}.Debug|Any CPU.Build.0 = Debug|Any CPU
		{A31CAF89-E3E0-405D-8271-D5319793207F}.Release|Any CPU.ActiveCfg = Release|Any CPU
		{A31CAF89-E3E0-405D-8271-D5319793207F}.Release|Any CPU.Build.0 = Release|Any CPU
	EndGlobalSection
	GlobalSection(SolutionProperties) = preSolution
		HideSolutionNode = FALSE
	EndGlobalSection
	GlobalSection(ExtensibilityGlobals) = postSolution
		SolutionGuid = {F024750D-435E-4C8A-9AAD-717D6E456354}
	EndGlobalSection
EndGlobal
